
Microsoft Visual Studio Solution File, Format Version 11.00
# Visual Web Developer Express 2010
Project("{FAE04EC0-301F-11D3-BF4B-00C04F79EFBC}") = "TODOListDemo", "TODOListDemo\TODOListDemo.csproj", "{979FDE10-72CE-41F8-AB51-E637B9BCA2BC}"
EndProject
Global
	GlobalSection(SolutionConfigurationPlatforms) = preSolution
		Debug|Any CPU = Debug|Any CPU
		Release|Any CPU = Release|Any CPU
	EndGlobalSection
	GlobalSection(ProjectConfigurationPlatforms) = postSolution
		{979FDE10-72CE-41F8-AB51-E637B9BCA2BC}.Debug|Any CPU.ActiveCfg = Debug|Any CPU
		{979FDE10-72CE-41F8-AB51-E637B9BCA2BC}.Debug|Any CPU.Build.0 = Debug|Any CPU
		{979FDE10-72CE-41F8-AB51-E637B9BCA2BC}.Release|Any CPU.ActiveCfg = Release|Any CPU
		{979FDE10-72CE-41F8-AB51-E637B9BCA2BC}.Release|Any CPU.Build.0 = Release|Any CPU
	EndGlobalSection
	GlobalSection(SolutionProperties) = preSolution
		HideSolutionNode = FALSE
	EndGlobalSection
EndGlobal
